{
    "_readme": [
        "This file locks the dependencies of your project to a known state",
        "Read more about it at https://getcomposer.org/doc/01-basic-usage.md#composer-lock-the-lock-file",
        "This file is @generated automatically"
    ],
    "content-hash": "9918ce3a6bd3a6663dc8a9088549abad",
    "packages": [
        {
            "name": "cybermonde/odtphp",
            "version": "v1.7",
            "source": {
                "type": "git",
                "url": "https://github.com/cybermonde/odtphp.git",
                "reference": "23aba70923ca3c07af15a5600f4072751c1b4a36"
            },
            "dist": {
                "type": "zip",
                "url": "https://api.github.com/repos/cybermonde/odtphp/zipball/23aba70923ca3c07af15a5600f4072751c1b4a36",
                "reference": "23aba70923ca3c07af15a5600f4072751c1b4a36",
                "shasum": ""
            },
            "require": {
                "php": ">=5.2.4"
            },
            "type": "library",
            "autoload": {
                "classmap": [
                    "library"
                ]
            },
            "notification-url": "https://packagist.org/downloads/",
            "license": [
                "GPL"
            ],
            "description": "ODT document generator",
            "homepage": "https://github.com/cybermonde/odtphp",
            "keywords": [
                "odt",
                "php"
            ],
            "time": "2015-06-02T07:28:25+00:00"
        },
        {
            "name": "firebase/php-jwt",
            "version": "v5.0.0",
            "source": {
                "type": "git",
                "url": "https://github.com/firebase/php-jwt.git",
                "reference": "9984a4d3a32ae7673d6971ea00bae9d0a1abba0e"
            },
            "dist": {
                "type": "zip",
                "url": "https://api.github.com/repos/firebase/php-jwt/zipball/9984a4d3a32ae7673d6971ea00bae9d0a1abba0e",
                "reference": "9984a4d3a32ae7673d6971ea00bae9d0a1abba0e",
                "shasum": ""
            },
            "require": {
                "php": ">=5.3.0"
            },
            "require-dev": {
                "phpunit/phpunit": " 4.8.35"
            },
            "type": "library",
            "autoload": {
                "psr-4": {
                    "Firebase\\JWT\\": "src"
                }
            },
            "notification-url": "https://packagist.org/downloads/",
            "license": [
                "BSD-3-Clause"
            ],
            "authors": [
                {
                    "name": "Neuman Vong",
                    "role": "Developer",
                    "email": "neuman+pear@twilio.com"
                },
                {
                    "name": "Anant Narayanan",
                    "role": "Developer",
                    "email": "anant@php.net"
                }
            ],
            "description": "A simple library to encode and decode JSON Web Tokens (JWT) in PHP. Should conform to the current spec.",
            "homepage": "https://github.com/firebase/php-jwt",
            "time": "2017-06-27T22:17:23+00:00"
        }
    ],
    "packages-dev": [],
    "aliases": [],
    "minimum-stability": "stable",
    "stability-flags": [],
    "prefer-stable": false,
    "prefer-lowest": false,
    "platform": {
        "ext-pdo": "*",
        "ext-json": "*",
        "ext-dom": "*"
    },
    "platform-dev": []
}
