{
    "_readme": [
        "This file locks the dependencies of your project to a known state",
        "Read more about it at https://getcomposer.org/doc/01-basic-usage.md#composer-lock-the-lock-file",
        "This file is @generated automatically"
    ],
    "hash": "945dd8b648cce149beb916f2956df88d",
    "content-hash": "a9a0b9b4688afb65bd6f3170ce8a87ff",
    "packages": [
        {
            "name": "cybermonde/odtphp",
            "version": "v1.7",
            "source": {
                "type": "git",
                "url": "https://github.com/cybermonde/odtphp.git",
                "reference": "23aba70923ca3c07af15a5600f4072751c1b4a36"
            },
            "dist": {
                "type": "zip",
                "url": "https://api.github.com/repos/cybermonde/odtphp/zipball/23aba70923ca3c07af15a5600f4072751c1b4a36",
                "reference": "23aba70923ca3c07af15a5600f4072751c1b4a36",
                "shasum": ""
            },
            "require": {
                "php": ">=5.2.4"
            },
            "type": "library",
            "autoload": {
                "classmap": [
                    "library"
                ]
            },
            "notification-url": "https://packagist.org/downloads/",
            "license": [
                "GPL"
            ],
            "description": "ODT document generator",
            "homepage": "https://github.com/cybermonde/odtphp",
            "keywords": [
                "odt",
                "php"
            ],
            "time": "2015-06-02 07:28:25"
        }
    ],
    "packages-dev": [],
    "aliases": [],
    "minimum-stability": "stable",
    "stability-flags": [],
    "prefer-stable": false,
    "prefer-lowest": false,
    "platform": [],
    "platform-dev": []
}
